
Microsoft Visual Studio Solution File, Format Version 12.00
# Visual Studio Version 16
VisualStudioVersion = 16.0.30413.136
MinimumVisualStudioVersion = 10.0.40219.1
Project("{9A19103F-16F7-4668-BE54-9A1E7A4F7556}") = "Task2002", "Task2002\Task2002.csproj", "{4AB5F471-9AAF-4D0B-9FD6-ACC37B73B846}"
EndProject
Project("{FAE04EC0-301F-11D3-BF4B-00C04F79EFBC}") = "Task2003", "Task2003\Task2003.csproj", "{90193486-4054-41CE-BCC5-BB99910448BB}"
EndProject
Project("{FAE04EC0-301F-11D3-BF4B-00C04F79EFBC}") = "Task2004", "Task2004\Task2004.csproj", "{AFBC2188-421C-477E-9793-4326B799838C}"
EndProject
Project("{FAE04EC0-301F-11D3-BF4B-00C04F79EFBC}") = "Task2005", "Task2005\Task2005.csproj", "{4C5A77E0-3E3E-4EC5-BB99-5A46BDA82D3C}"
EndProject
Project("{FAE04EC0-301F-11D3-BF4B-00C04F79EFBC}") = "Task2006", "Task2006\Task2006.csproj", "{664998CB-B621-45C3-B13C-1F40068C7C34}"
EndProject
Project("{FAE04EC0-301F-11D3-BF4B-00C04F79EFBC}") = "Task2007", "Task2007\Task2007.csproj", "{3975408B-6D67-4F80-9D39-00B17C1BE2A7}"
EndProject
Project("{FAE04EC0-301F-11D3-BF4B-00C04F79EFBC}") = "Task2008", "Task2008\Task2008.csproj", "{123E64F2-8D1F-4C6E-BDE3-2023357EF8F8}"
EndProject
Project("{FAE04EC0-301F-11D3-BF4B-00C04F79EFBC}") = "Task2009", "Task2009\Task2009.csproj", "{8B85F607-F868-4240-8EC6-1AD4B928C029}"
EndProject
Project("{FAE04EC0-301F-11D3-BF4B-00C04F79EFBC}") = "Task2010", "Task2010\Task2010.csproj", "{E97FF08A-7A90-457E-BAB5-4D8DF316263F}"
EndProject
Project("{FAE04EC0-301F-11D3-BF4B-00C04F79EFBC}") = "Task2011", "Task2011\Task2011.csproj", "{7AB70D5D-B130-4357-96D6-9632D67B77B3}"
EndProject
Project("{FAE04EC0-301F-11D3-BF4B-00C04F79EFBC}") = "Task2012", "Task2012\Task2012.csproj", "{BC0F547D-D450-4E79-BDD9-D232809402C0}"
EndProject
Project("{FAE04EC0-301F-11D3-BF4B-00C04F79EFBC}") = "Task2013", "Task2013\Task2013.csproj", "{CAC26E9F-2FC4-4C75-8E91-7725DEA773A2}"
EndProject
Project("{FAE04EC0-301F-11D3-BF4B-00C04F79EFBC}") = "Task2014", "Task2014\Task2014.csproj", "{F5E17235-A16C-4341-953E-15B891745CE0}"
EndProject
Project("{FAE04EC0-301F-11D3-BF4B-00C04F79EFBC}") = "Task2015", "Task2015\Task2015.csproj", "{CFD670FF-D209-453A-B559-5CFF282604F2}"
EndProject
Project("{FAE04EC0-301F-11D3-BF4B-00C04F79EFBC}") = "Task2016", "Task2016\Task2016.csproj", "{E2A87576-9FAD-4542-BE02-F95E494BB883}"
EndProject
Project("{FAE04EC0-301F-11D3-BF4B-00C04F79EFBC}") = "Task2018", "Task2018\Task2018.csproj", "{38FB6000-6F98-46B3-8D72-0695A7AFA806}"
EndProject
Project("{FAE04EC0-301F-11D3-BF4B-00C04F79EFBC}") = "Task2019", "Task2019\Task2019.csproj", "{2710E15B-F338-4539-81C4-577F5B034D2D}"
EndProject
Project("{FAE04EC0-301F-11D3-BF4B-00C04F79EFBC}") = "Task2020", "Task2020\Task2020.csproj", "{68AB800E-C703-4A2C-B333-938E5FF87C07}"
EndProject
Project("{FAE04EC0-301F-11D3-BF4B-00C04F79EFBC}") = "Task2021", "Task2021\Task2021.csproj", "{4F5C0926-579A-4F88-8224-E1E562B0976D}"
EndProject
Project("{FAE04EC0-301F-11D3-BF4B-00C04F79EFBC}") = "Task2022", "Task2022\Task2022.csproj", "{D1CB4AD0-8669-46C7-B285-83F25240D5B0}"
EndProject
Project("{FAE04EC0-301F-11D3-BF4B-00C04F79EFBC}") = "Task2023", "Task2023\Task2023.csproj", "{37E239B7-2EFF-4BD3-BC6E-19FC3D0EC76E}"
EndProject
Project("{FAE04EC0-301F-11D3-BF4B-00C04F79EFBC}") = "Task2024", "Task2024\Task2024.csproj", "{A3E345AF-AB6F-4FE2-9932-5185D802D846}"
EndProject
Project("{FAE04EC0-301F-11D3-BF4B-00C04F79EFBC}") = "Task2025", "Task2025\Task2025.csproj", "{EE9E3BCB-9B35-4AD6-824B-923EE73A6F8B}"
EndProject
Project("{FAE04EC0-301F-11D3-BF4B-00C04F79EFBC}") = "Task2026", "Task2026\Task2026.csproj", "{00320A5F-7AC7-44F2-BC1B-4BE401CF98EC}"
EndProject
Project("{FAE04EC0-301F-11D3-BF4B-00C04F79EFBC}") = "Task2027", "Task2027\Task2027.csproj", "{8FE01D05-577E-4389-84B5-E396880CA48F}"
EndProject
Project("{FAE04EC0-301F-11D3-BF4B-00C04F79EFBC}") = "Task2028", "Task2028\Task2028.csproj", "{9BA4EBCA-CC9A-4854-ABF6-FD13592FCDA7}"
EndProject
Project("{FAE04EC0-301F-11D3-BF4B-00C04F79EFBC}") = "Task2029", "Task2029\Task2029.csproj", "{AC899656-2953-4C5D-97EF-6D802C4AFF5D}"
EndProject
Project("{FAE04EC0-301F-11D3-BF4B-00C04F79EFBC}") = "Task2030", "Task2030\Task2030.csproj", "{6027AA5F-4800-4FF1-961E-F7FC6398A492}"
EndProject
Project("{FAE04EC0-301F-11D3-BF4B-00C04F79EFBC}") = "Task2031", "Task2031\Task2031.csproj", "{26888068-3611-4C97-976F-A18D5C2A967E}"
EndProject
Project("{FAE04EC0-301F-11D3-BF4B-00C04F79EFBC}") = "Task2032", "Task2032\Task2032.csproj", "{09AC2196-9DD4-44B3-9CCC-9CE0F17F4B11}"
EndProject
Project("{FAE04EC0-301F-11D3-BF4B-00C04F79EFBC}") = "Task2033", "Task2033\Task2033.csproj", "{F4B36FF8-5EEE-4A7C-A4D9-A4BCD99F1E91}"
EndProject
Project("{FAE04EC0-301F-11D3-BF4B-00C04F79EFBC}") = "Task2034", "Task2034\Task2034.csproj", "{93051C43-54E2-4831-8EC4-B358B606FD38}"
EndProject
Project("{FAE04EC0-301F-11D3-BF4B-00C04F79EFBC}") = "Task2035", "Task2035\Task2035.csproj", "{4E2C8837-D100-4627-8B2E-5455F1094B57}"
EndProject
Project("{FAE04EC0-301F-11D3-BF4B-00C04F79EFBC}") = "Task2036", "Task2036\Task2036.csproj", "{3E084A5C-0389-422A-88F9-DDBA956B151B}"
EndProject
Project("{FAE04EC0-301F-11D3-BF4B-00C04F79EFBC}") = "Task2038", "Task2038\Task2038.csproj", "{7CBF1CB4-5DBB-4A0E-8C11-007CD9CE3EA9}"
EndProject
Project("{FAE04EC0-301F-11D3-BF4B-00C04F79EFBC}") = "Task2039", "Task2039\Task2039.csproj", "{F75F8BB6-B48C-47A8-8FD6-7F1C405E5137}"
EndProject
Project("{FAE04EC0-301F-11D3-BF4B-00C04F79EFBC}") = "Task2040", "Task2040\Task2040.csproj", "{6EEE22A9-3D82-4D6C-AFC2-3B887E703363}"
EndProject
Project("{FAE04EC0-301F-11D3-BF4B-00C04F79EFBC}") = "Task2041", "Task2041\Task2041.csproj", "{EE426AC1-4510-442E-8F78-407DB3378CE4}"
EndProject
Project("{FAE04EC0-301F-11D3-BF4B-00C04F79EFBC}") = "Task2041.2", "Task2041.2\Task2041.2.csproj", "{CCA23910-3AB9-4647-82A7-87A4E7F7A277}"
EndProject
Project("{FAE04EC0-301F-11D3-BF4B-00C04F79EFBC}") = "Task2042", "Task2042\Task2042.csproj", "{189BAA8D-9570-402A-B2DC-459AEE258298}"
EndProject
Project("{FAE04EC0-301F-11D3-BF4B-00C04F79EFBC}") = "Task2043", "Task2043\Task2043.csproj", "{FEC7E409-137D-4A54-9176-777EEAC25E4A}"
EndProject
Project("{FAE04EC0-301F-11D3-BF4B-00C04F79EFBC}") = "Task2044 decode", "Task2044\Task2044 decode.csproj", "{6507A11B-A4B0-40D0-964F-84F375F8826E}"
EndProject
Project("{FAE04EC0-301F-11D3-BF4B-00C04F79EFBC}") = "Task2045", "Task2045\Task2045.csproj", "{C34E0DAB-3337-424F-8DE7-41F5E2658426}"
EndProject
Project("{FAE04EC0-301F-11D3-BF4B-00C04F79EFBC}") = "Task2051", "Task2051\Task2051.csproj", "{2CFA7DBE-5FE5-4159-B65B-BB01D03F5A47}"
EndProject
Project("{FAE04EC0-301F-11D3-BF4B-00C04F79EFBC}") = "Task2052", "Task2052\Task2052.csproj", "{2FE9CBA8-A9C1-45D6-AE01-FCE4B0BD9C81}"
EndProject
Project("{FAE04EC0-301F-11D3-BF4B-00C04F79EFBC}") = "Task2053", "Task2053\Task2053.csproj", "{A52369E8-9A3D-4881-9BD2-F24CE23FF0C1}"
EndProject
Project("{FAE04EC0-301F-11D3-BF4B-00C04F79EFBC}") = "Task2054", "Task2054\Task2054.csproj", "{143D4709-AEE3-4D38-99A2-77F41CC139CA}"
EndProject
Project("{FAE04EC0-301F-11D3-BF4B-00C04F79EFBC}") = "Task2001", "Task2001\Task2001.csproj", "{5C06A09F-AC11-4E64-A23D-FFAA26937A6A}"
EndProject
Project("{FAE04EC0-301F-11D3-BF4B-00C04F79EFBC}") = "Task2017", "Task2017\Task2017.csproj", "{0702C826-9FFF-4D84-8E89-171C1E2B1DDE}"
EndProject
Project("{FAE04EC0-301F-11D3-BF4B-00C04F79EFBC}") = "Task2037", "Task2037\Task2037.csproj", "{674B39B2-6AC4-4502-A4B0-CF63AD3959B5}"
EndProject
Project("{FAE04EC0-301F-11D3-BF4B-00C04F79EFBC}") = "Task2051.3", "Task2051-3\Task2051.3.csproj", "{B552AB1D-E1DD-4BFA-8FB9-2DC7E869264B}"
EndProject
Project("{FAE04EC0-301F-11D3-BF4B-00C04F79EFBC}") = "Task2053.2", "Task2053-2\Task2053.2.csproj", "{2F6F650C-2EB7-47CD-87A6-FEA1F1C1CE31}"
EndProject
Global
	GlobalSection(SolutionConfigurationPlatforms) = preSolution
		Debug|Any CPU = Debug|Any CPU
		Release|Any CPU = Release|Any CPU
	EndGlobalSection
	GlobalSection(ProjectConfigurationPlatforms) = postSolution
		{4AB5F471-9AAF-4D0B-9FD6-ACC37B73B846}.Debug|Any CPU.ActiveCfg = Debug|Any CPU
		{4AB5F471-9AAF-4D0B-9FD6-ACC37B73B846}.Debug|Any CPU.Build.0 = Debug|Any CPU
		{4AB5F471-9AAF-4D0B-9FD6-ACC37B73B846}.Release|Any CPU.ActiveCfg = Release|Any CPU
		{4AB5F471-9AAF-4D0B-9FD6-ACC37B73B846}.Release|Any CPU.Build.0 = Release|Any CPU
		{90193486-4054-41CE-BCC5-BB99910448BB}.Debug|Any CPU.ActiveCfg = Debug|Any CPU
		{90193486-4054-41CE-BCC5-BB99910448BB}.Debug|Any CPU.Build.0 = Debug|Any CPU
		{90193486-4054-41CE-BCC5-BB99910448BB}.Release|Any CPU.ActiveCfg = Release|Any CPU
		{90193486-4054-41CE-BCC5-BB99910448BB}.Release|Any CPU.Build.0 = Release|Any CPU
		{AFBC2188-421C-477E-9793-4326B799838C}.Debug|Any CPU.ActiveCfg = Debug|Any CPU
		{AFBC2188-421C-477E-9793-4326B799838C}.Debug|Any CPU.Build.0 = Debug|Any CPU
		{AFBC2188-421C-477E-9793-4326B799838C}.Release|Any CPU.ActiveCfg = Release|Any CPU
		{AFBC2188-421C-477E-9793-4326B799838C}.Release|Any CPU.Build.0 = Release|Any CPU
		{4C5A77E0-3E3E-4EC5-BB99-5A46BDA82D3C}.Debug|Any CPU.ActiveCfg = Debug|Any CPU
		{4C5A77E0-3E3E-4EC5-BB99-5A46BDA82D3C}.Debug|Any CPU.Build.0 = Debug|Any CPU
		{4C5A77E0-3E3E-4EC5-BB99-5A46BDA82D3C}.Release|Any CPU.ActiveCfg = Release|Any CPU
		{4C5A77E0-3E3E-4EC5-BB99-5A46BDA82D3C}.Release|Any CPU.Build.0 = Release|Any CPU
		{664998CB-B621-45C3-B13C-1F40068C7C34}.Debug|Any CPU.ActiveCfg = Debug|Any CPU
		{664998CB-B621-45C3-B13C-1F40068C7C34}.Debug|Any CPU.Build.0 = Debug|Any CPU
		{664998CB-B621-45C3-B13C-1F40068C7C34}.Release|Any CPU.ActiveCfg = Release|Any CPU
		{664998CB-B621-45C3-B13C-1F40068C7C34}.Release|Any CPU.Build.0 = Release|Any CPU
		{3975408B-6D67-4F80-9D39-00B17C1BE2A7}.Debug|Any CPU.ActiveCfg = Debug|Any CPU
		{3975408B-6D67-4F80-9D39-00B17C1BE2A7}.Debug|Any CPU.Build.0 = Debug|Any CPU
		{3975408B-6D67-4F80-9D39-00B17C1BE2A7}.Release|Any CPU.ActiveCfg = Release|Any CPU
		{3975408B-6D67-4F80-9D39-00B17C1BE2A7}.Release|Any CPU.Build.0 = Release|Any CPU
		{123E64F2-8D1F-4C6E-BDE3-2023357EF8F8}.Debug|Any CPU.ActiveCfg = Debug|Any CPU
		{123E64F2-8D1F-4C6E-BDE3-2023357EF8F8}.Debug|Any CPU.Build.0 = Debug|Any CPU
		{123E64F2-8D1F-4C6E-BDE3-2023357EF8F8}.Release|Any CPU.ActiveCfg = Release|Any CPU
		{123E64F2-8D1F-4C6E-BDE3-2023357EF8F8}.Release|Any CPU.Build.0 = Release|Any CPU
		{8B85F607-F868-4240-8EC6-1AD4B928C029}.Debug|Any CPU.ActiveCfg = Debug|Any CPU
		{8B85F607-F868-4240-8EC6-1AD4B928C029}.Debug|Any CPU.Build.0 = Debug|Any CPU
		{8B85F607-F868-4240-8EC6-1AD4B928C029}.Release|Any CPU.ActiveCfg = Release|Any CPU
		{8B85F607-F868-4240-8EC6-1AD4B928C029}.Release|Any CPU.Build.0 = Release|Any CPU
		{E97FF08A-7A90-457E-BAB5-4D8DF316263F}.Debug|Any CPU.ActiveCfg = Debug|Any CPU
		{E97FF08A-7A90-457E-BAB5-4D8DF316263F}.Debug|Any CPU.Build.0 = Debug|Any CPU
		{E97FF08A-7A90-457E-BAB5-4D8DF316263F}.Release|Any CPU.ActiveCfg = Release|Any CPU
		{E97FF08A-7A90-457E-BAB5-4D8DF316263F}.Release|Any CPU.Build.0 = Release|Any CPU
		{7AB70D5D-B130-4357-96D6-9632D67B77B3}.Debug|Any CPU.ActiveCfg = Debug|Any CPU
		{7AB70D5D-B130-4357-96D6-9632D67B77B3}.Debug|Any CPU.Build.0 = Debug|Any CPU
		{7AB70D5D-B130-4357-96D6-9632D67B77B3}.Release|Any CPU.ActiveCfg = Release|Any CPU
		{7AB70D5D-B130-4357-96D6-9632D67B77B3}.Release|Any CPU.Build.0 = Release|Any CPU
		{BC0F547D-D450-4E79-BDD9-D232809402C0}.Debug|Any CPU.ActiveCfg = Debug|Any CPU
		{BC0F547D-D450-4E79-BDD9-D232809402C0}.Debug|Any CPU.Build.0 = Debug|Any CPU
		{BC0F547D-D450-4E79-BDD9-D232809402C0}.Release|Any CPU.ActiveCfg = Release|Any CPU
		{BC0F547D-D450-4E79-BDD9-D232809402C0}.Release|Any CPU.Build.0 = Release|Any CPU
		{CAC26E9F-2FC4-4C75-8E91-7725DEA773A2}.Debug|Any CPU.ActiveCfg = Debug|Any CPU
		{CAC26E9F-2FC4-4C75-8E91-7725DEA773A2}.Debug|Any CPU.Build.0 = Debug|Any CPU
		{CAC26E9F-2FC4-4C75-8E91-7725DEA773A2}.Release|Any CPU.ActiveCfg = Release|Any CPU
		{CAC26E9F-2FC4-4C75-8E91-7725DEA773A2}.Release|Any CPU.Build.0 = Release|Any CPU
		{F5E17235-A16C-4341-953E-15B891745CE0}.Debug|Any CPU.ActiveCfg = Debug|Any CPU
		{F5E17235-A16C-4341-953E-15B891745CE0}.Debug|Any CPU.Build.0 = Debug|Any CPU
		{F5E17235-A16C-4341-953E-15B891745CE0}.Release|Any CPU.ActiveCfg = Release|Any CPU
		{F5E17235-A16C-4341-953E-15B891745CE0}.Release|Any CPU.Build.0 = Release|Any CPU
		{CFD670FF-D209-453A-B559-5CFF282604F2}.Debug|Any CPU.ActiveCfg = Debug|Any CPU
		{CFD670FF-D209-453A-B559-5CFF282604F2}.Debug|Any CPU.Build.0 = Debug|Any CPU
		{CFD670FF-D209-453A-B559-5CFF282604F2}.Release|Any CPU.ActiveCfg = Release|Any CPU
		{CFD670FF-D209-453A-B559-5CFF282604F2}.Release|Any CPU.Build.0 = Release|Any CPU
		{E2A87576-9FAD-4542-BE02-F95E494BB883}.Debug|Any CPU.ActiveCfg = Debug|Any CPU
		{E2A87576-9FAD-4542-BE02-F95E494BB883}.Debug|Any CPU.Build.0 = Debug|Any CPU
		{E2A87576-9FAD-4542-BE02-F95E494BB883}.Release|Any CPU.ActiveCfg = Release|Any CPU
		{E2A87576-9FAD-4542-BE02-F95E494BB883}.Release|Any CPU.Build.0 = Release|Any CPU
		{38FB6000-6F98-46B3-8D72-0695A7AFA806}.Debug|Any CPU.ActiveCfg = Debug|Any CPU
		{38FB6000-6F98-46B3-8D72-0695A7AFA806}.Debug|Any CPU.Build.0 = Debug|Any CPU
		{38FB6000-6F98-46B3-8D72-0695A7AFA806}.Release|Any CPU.ActiveCfg = Release|Any CPU
		{38FB6000-6F98-46B3-8D72-0695A7AFA806}.Release|Any CPU.Build.0 = Release|Any CPU
		{2710E15B-F338-4539-81C4-577F5B034D2D}.Debug|Any CPU.ActiveCfg = Debug|Any CPU
		{2710E15B-F338-4539-81C4-577F5B034D2D}.Debug|Any CPU.Build.0 = Debug|Any CPU
		{2710E15B-F338-4539-81C4-577F5B034D2D}.Release|Any CPU.ActiveCfg = Release|Any CPU
		{2710E15B-F338-4539-81C4-577F5B034D2D}.Release|Any CPU.Build.0 = Release|Any CPU
		{68AB800E-C703-4A2C-B333-938E5FF87C07}.Debug|Any CPU.ActiveCfg = Debug|Any CPU
		{68AB800E-C703-4A2C-B333-938E5FF87C07}.Debug|Any CPU.Build.0 = Debug|Any CPU
		{68AB800E-C703-4A2C-B333-938E5FF87C07}.Release|Any CPU.ActiveCfg = Release|Any CPU
		{68AB800E-C703-4A2C-B333-938E5FF87C07}.Release|Any CPU.Build.0 = Release|Any CPU
		{4F5C0926-579A-4F88-8224-E1E562B0976D}.Debug|Any CPU.ActiveCfg = Debug|Any CPU
		{4F5C0926-579A-4F88-8224-E1E562B0976D}.Debug|Any CPU.Build.0 = Debug|Any CPU
		{4F5C0926-579A-4F88-8224-E1E562B0976D}.Release|Any CPU.ActiveCfg = Release|Any CPU
		{4F5C0926-579A-4F88-8224-E1E562B0976D}.Release|Any CPU.Build.0 = Release|Any CPU
		{D1CB4AD0-8669-46C7-B285-83F25240D5B0}.Debug|Any CPU.ActiveCfg = Debug|Any CPU
		{D1CB4AD0-8669-46C7-B285-83F25240D5B0}.Debug|Any CPU.Build.0 = Debug|Any CPU
		{D1CB4AD0-8669-46C7-B285-83F25240D5B0}.Release|Any CPU.ActiveCfg = Release|Any CPU
		{D1CB4AD0-8669-46C7-B285-83F25240D5B0}.Release|Any CPU.Build.0 = Release|Any CPU
		{37E239B7-2EFF-4BD3-BC6E-19FC3D0EC76E}.Debug|Any CPU.ActiveCfg = Debug|Any CPU
		{37E239B7-2EFF-4BD3-BC6E-19FC3D0EC76E}.Debug|Any CPU.Build.0 = Debug|Any CPU
		{37E239B7-2EFF-4BD3-BC6E-19FC3D0EC76E}.Release|Any CPU.ActiveCfg = Release|Any CPU
		{37E239B7-2EFF-4BD3-BC6E-19FC3D0EC76E}.Release|Any CPU.Build.0 = Release|Any CPU
		{A3E345AF-AB6F-4FE2-9932-5185D802D846}.Debug|Any CPU.ActiveCfg = Debug|Any CPU
		{A3E345AF-AB6F-4FE2-9932-5185D802D846}.Debug|Any CPU.Build.0 = Debug|Any CPU
		{A3E345AF-AB6F-4FE2-9932-5185D802D846}.Release|Any CPU.ActiveCfg = Release|Any CPU
		{A3E345AF-AB6F-4FE2-9932-5185D802D846}.Release|Any CPU.Build.0 = Release|Any CPU
		{EE9E3BCB-9B35-4AD6-824B-923EE73A6F8B}.Debug|Any CPU.ActiveCfg = Debug|Any CPU
		{EE9E3BCB-9B35-4AD6-824B-923EE73A6F8B}.Debug|Any CPU.Build.0 = Debug|Any CPU
		{EE9E3BCB-9B35-4AD6-824B-923EE73A6F8B}.Release|Any CPU.ActiveCfg = Release|Any CPU
		{EE9E3BCB-9B35-4AD6-824B-923EE73A6F8B}.Release|Any CPU.Build.0 = Release|Any CPU
		{00320A5F-7AC7-44F2-BC1B-4BE401CF98EC}.Debug|Any CPU.ActiveCfg = Debug|Any CPU
		{00320A5F-7AC7-44F2-BC1B-4BE401CF98EC}.Debug|Any CPU.Build.0 = Debug|Any CPU
		{00320A5F-7AC7-44F2-BC1B-4BE401CF98EC}.Release|Any CPU.ActiveCfg = Release|Any CPU
		{00320A5F-7AC7-44F2-BC1B-4BE401CF98EC}.Release|Any CPU.Build.0 = Release|Any CPU
		{8FE01D05-577E-4389-84B5-E396880CA48F}.Debug|Any CPU.ActiveCfg = Debug|Any CPU
		{8FE01D05-577E-4389-84B5-E396880CA48F}.Debug|Any CPU.Build.0 = Debug|Any CPU
		{8FE01D05-577E-4389-84B5-E396880CA48F}.Release|Any CPU.ActiveCfg = Release|Any CPU
		{8FE01D05-577E-4389-84B5-E396880CA48F}.Release|Any CPU.Build.0 = Release|Any CPU
		{9BA4EBCA-CC9A-4854-ABF6-FD13592FCDA7}.Debug|Any CPU.ActiveCfg = Debug|Any CPU
		{9BA4EBCA-CC9A-4854-ABF6-FD13592FCDA7}.Debug|Any CPU.Build.0 = Debug|Any CPU
		{9BA4EBCA-CC9A-4854-ABF6-FD13592FCDA7}.Release|Any CPU.ActiveCfg = Release|Any CPU
		{9BA4EBCA-CC9A-4854-ABF6-FD13592FCDA7}.Release|Any CPU.Build.0 = Release|Any CPU
		{AC899656-2953-4C5D-97EF-6D802C4AFF5D}.Debug|Any CPU.ActiveCfg = Debug|Any CPU
		{AC899656-2953-4C5D-97EF-6D802C4AFF5D}.Debug|Any CPU.Build.0 = Debug|Any CPU
		{AC899656-2953-4C5D-97EF-6D802C4AFF5D}.Release|Any CPU.ActiveCfg = Release|Any CPU
		{AC899656-2953-4C5D-97EF-6D802C4AFF5D}.Release|Any CPU.Build.0 = Release|Any CPU
		{6027AA5F-4800-4FF1-961E-F7FC6398A492}.Debug|Any CPU.ActiveCfg = Debug|Any CPU
		{6027AA5F-4800-4FF1-961E-F7FC6398A492}.Debug|Any CPU.Build.0 = Debug|Any CPU
		{6027AA5F-4800-4FF1-961E-F7FC6398A492}.Release|Any CPU.ActiveCfg = Release|Any CPU
		{6027AA5F-4800-4FF1-961E-F7FC6398A492}.Release|Any CPU.Build.0 = Release|Any CPU
		{26888068-3611-4C97-976F-A18D5C2A967E}.Debug|Any CPU.ActiveCfg = Debug|Any CPU
		{26888068-3611-4C97-976F-A18D5C2A967E}.Debug|Any CPU.Build.0 = Debug|Any CPU
		{26888068-3611-4C97-976F-A18D5C2A967E}.Release|Any CPU.ActiveCfg = Release|Any CPU
		{26888068-3611-4C97-976F-A18D5C2A967E}.Release|Any CPU.Build.0 = Release|Any CPU
		{09AC2196-9DD4-44B3-9CCC-9CE0F17F4B11}.Debug|Any CPU.ActiveCfg = Debug|Any CPU
		{09AC2196-9DD4-44B3-9CCC-9CE0F17F4B11}.Debug|Any CPU.Build.0 = Debug|Any CPU
		{09AC2196-9DD4-44B3-9CCC-9CE0F17F4B11}.Release|Any CPU.ActiveCfg = Release|Any CPU
		{09AC2196-9DD4-44B3-9CCC-9CE0F17F4B11}.Release|Any CPU.Build.0 = Release|Any CPU
		{F4B36FF8-5EEE-4A7C-A4D9-A4BCD99F1E91}.Debug|Any CPU.ActiveCfg = Debug|Any CPU
		{F4B36FF8-5EEE-4A7C-A4D9-A4BCD99F1E91}.Debug|Any CPU.Build.0 = Debug|Any CPU
		{F4B36FF8-5EEE-4A7C-A4D9-A4BCD99F1E91}.Release|Any CPU.ActiveCfg = Release|Any CPU
		{F4B36FF8-5EEE-4A7C-A4D9-A4BCD99F1E91}.Release|Any CPU.Build.0 = Release|Any CPU
		{93051C43-54E2-4831-8EC4-B358B606FD38}.Debug|Any CPU.ActiveCfg = Debug|Any CPU
		{93051C43-54E2-4831-8EC4-B358B606FD38}.Debug|Any CPU.Build.0 = Debug|Any CPU
		{93051C43-54E2-4831-8EC4-B358B606FD38}.Release|Any CPU.ActiveCfg = Release|Any CPU
		{93051C43-54E2-4831-8EC4-B358B606FD38}.Release|Any CPU.Build.0 = Release|Any CPU
		{4E2C8837-D100-4627-8B2E-5455F1094B57}.Debug|Any CPU.ActiveCfg = Debug|Any CPU
		{4E2C8837-D100-4627-8B2E-5455F1094B57}.Debug|Any CPU.Build.0 = Debug|Any CPU
		{4E2C8837-D100-4627-8B2E-5455F1094B57}.Release|Any CPU.ActiveCfg = Release|Any CPU
		{4E2C8837-D100-4627-8B2E-5455F1094B57}.Release|Any CPU.Build.0 = Release|Any CPU
		{3E084A5C-0389-422A-88F9-DDBA956B151B}.Debug|Any CPU.ActiveCfg = Debug|Any CPU
		{3E084A5C-0389-422A-88F9-DDBA956B151B}.Debug|Any CPU.Build.0 = Debug|Any CPU
		{3E084A5C-0389-422A-88F9-DDBA956B151B}.Release|Any CPU.ActiveCfg = Release|Any CPU
		{3E084A5C-0389-422A-88F9-DDBA956B151B}.Release|Any CPU.Build.0 = Release|Any CPU
		{7CBF1CB4-5DBB-4A0E-8C11-007CD9CE3EA9}.Debug|Any CPU.ActiveCfg = Debug|Any CPU
		{7CBF1CB4-5DBB-4A0E-8C11-007CD9CE3EA9}.Debug|Any CPU.Build.0 = Debug|Any CPU
		{7CBF1CB4-5DBB-4A0E-8C11-007CD9CE3EA9}.Release|Any CPU.ActiveCfg = Release|Any CPU
		{7CBF1CB4-5DBB-4A0E-8C11-007CD9CE3EA9}.Release|Any CPU.Build.0 = Release|Any CPU
		{F75F8BB6-B48C-47A8-8FD6-7F1C405E5137}.Debug|Any CPU.ActiveCfg = Debug|Any CPU
		{F75F8BB6-B48C-47A8-8FD6-7F1C405E5137}.Debug|Any CPU.Build.0 = Debug|Any CPU
		{F75F8BB6-B48C-47A8-8FD6-7F1C405E5137}.Release|Any CPU.ActiveCfg = Release|Any CPU
		{F75F8BB6-B48C-47A8-8FD6-7F1C405E5137}.Release|Any CPU.Build.0 = Release|Any CPU
		{6EEE22A9-3D82-4D6C-AFC2-3B887E703363}.Debug|Any CPU.ActiveCfg = Debug|Any CPU
		{6EEE22A9-3D82-4D6C-AFC2-3B887E703363}.Debug|Any CPU.Build.0 = Debug|Any CPU
		{6EEE22A9-3D82-4D6C-AFC2-3B887E703363}.Release|Any CPU.ActiveCfg = Release|Any CPU
		{6EEE22A9-3D82-4D6C-AFC2-3B887E703363}.Release|Any CPU.Build.0 = Release|Any CPU
		{EE426AC1-4510-442E-8F78-407DB3378CE4}.Debug|Any CPU.ActiveCfg = Debug|Any CPU
		{EE426AC1-4510-442E-8F78-407DB3378CE4}.Debug|Any CPU.Build.0 = Debug|Any CPU
		{EE426AC1-4510-442E-8F78-407DB3378CE4}.Release|Any CPU.ActiveCfg = Release|Any CPU
		{EE426AC1-4510-442E-8F78-407DB3378CE4}.Release|Any CPU.Build.0 = Release|Any CPU
		{CCA23910-3AB9-4647-82A7-87A4E7F7A277}.Debug|Any CPU.ActiveCfg = Debug|Any CPU
		{CCA23910-3AB9-4647-82A7-87A4E7F7A277}.Debug|Any CPU.Build.0 = Debug|Any CPU
		{CCA23910-3AB9-4647-82A7-87A4E7F7A277}.Release|Any CPU.ActiveCfg = Release|Any CPU
		{CCA23910-3AB9-4647-82A7-87A4E7F7A277}.Release|Any CPU.Build.0 = Release|Any CPU
		{189BAA8D-9570-402A-B2DC-459AEE258298}.Debug|Any CPU.ActiveCfg = Debug|Any CPU
		{189BAA8D-9570-402A-B2DC-459AEE258298}.Debug|Any CPU.Build.0 = Debug|Any CPU
		{189BAA8D-9570-402A-B2DC-459AEE258298}.Release|Any CPU.ActiveCfg = Release|Any CPU
		{189BAA8D-9570-402A-B2DC-459AEE258298}.Release|Any CPU.Build.0 = Release|Any CPU
		{FEC7E409-137D-4A54-9176-777EEAC25E4A}.Debug|Any CPU.ActiveCfg = Debug|Any CPU
		{FEC7E409-137D-4A54-9176-777EEAC25E4A}.Debug|Any CPU.Build.0 = Debug|Any CPU
		{FEC7E409-137D-4A54-9176-777EEAC25E4A}.Release|Any CPU.ActiveCfg = Release|Any CPU
		{FEC7E409-137D-4A54-9176-777EEAC25E4A}.Release|Any CPU.Build.0 = Release|Any CPU
		{6507A11B-A4B0-40D0-964F-84F375F8826E}.Debug|Any CPU.ActiveCfg = Debug|Any CPU
		{6507A11B-A4B0-40D0-964F-84F375F8826E}.Debug|Any CPU.Build.0 = Debug|Any CPU
		{6507A11B-A4B0-40D0-964F-84F375F8826E}.Release|Any CPU.ActiveCfg = Release|Any CPU
		{6507A11B-A4B0-40D0-964F-84F375F8826E}.Release|Any CPU.Build.0 = Release|Any CPU
		{C34E0DAB-3337-424F-8DE7-41F5E2658426}.Debug|Any CPU.ActiveCfg = Debug|Any CPU
		{C34E0DAB-3337-424F-8DE7-41F5E2658426}.Debug|Any CPU.Build.0 = Debug|Any CPU
		{C34E0DAB-3337-424F-8DE7-41F5E2658426}.Release|Any CPU.ActiveCfg = Release|Any CPU
		{C34E0DAB-3337-424F-8DE7-41F5E2658426}.Release|Any CPU.Build.0 = Release|Any CPU
		{2CFA7DBE-5FE5-4159-B65B-BB01D03F5A47}.Debug|Any CPU.ActiveCfg = Debug|Any CPU
		{2CFA7DBE-5FE5-4159-B65B-BB01D03F5A47}.Debug|Any CPU.Build.0 = Debug|Any CPU
		{2CFA7DBE-5FE5-4159-B65B-BB01D03F5A47}.Release|Any CPU.ActiveCfg = Release|Any CPU
		{2CFA7DBE-5FE5-4159-B65B-BB01D03F5A47}.Release|Any CPU.Build.0 = Release|Any CPU
		{2FE9CBA8-A9C1-45D6-AE01-FCE4B0BD9C81}.Debug|Any CPU.ActiveCfg = Debug|Any CPU
		{2FE9CBA8-A9C1-45D6-AE01-FCE4B0BD9C81}.Debug|Any CPU.Build.0 = Debug|Any CPU
		{2FE9CBA8-A9C1-45D6-AE01-FCE4B0BD9C81}.Release|Any CPU.ActiveCfg = Release|Any CPU
		{2FE9CBA8-A9C1-45D6-AE01-FCE4B0BD9C81}.Release|Any CPU.Build.0 = Release|Any CPU
		{A52369E8-9A3D-4881-9BD2-F24CE23FF0C1}.Debug|Any CPU.ActiveCfg = Debug|Any CPU
		{A52369E8-9A3D-4881-9BD2-F24CE23FF0C1}.Debug|Any CPU.Build.0 = Debug|Any CPU
		{A52369E8-9A3D-4881-9BD2-F24CE23FF0C1}.Release|Any CPU.ActiveCfg = Release|Any CPU
		{A52369E8-9A3D-4881-9BD2-F24CE23FF0C1}.Release|Any CPU.Build.0 = Release|Any CPU
		{143D4709-AEE3-4D38-99A2-77F41CC139CA}.Debug|Any CPU.ActiveCfg = Debug|Any CPU
		{143D4709-AEE3-4D38-99A2-77F41CC139CA}.Debug|Any CPU.Build.0 = Debug|Any CPU
		{143D4709-AEE3-4D38-99A2-77F41CC139CA}.Release|Any CPU.ActiveCfg = Release|Any CPU
		{143D4709-AEE3-4D38-99A2-77F41CC139CA}.Release|Any CPU.Build.0 = Release|Any CPU
		{5C06A09F-AC11-4E64-A23D-FFAA26937A6A}.Debug|Any CPU.ActiveCfg = Debug|Any CPU
		{5C06A09F-AC11-4E64-A23D-FFAA26937A6A}.Debug|Any CPU.Build.0 = Debug|Any CPU
		{5C06A09F-AC11-4E64-A23D-FFAA26937A6A}.Release|Any CPU.ActiveCfg = Release|Any CPU
		{5C06A09F-AC11-4E64-A23D-FFAA26937A6A}.Release|Any CPU.Build.0 = Release|Any CPU
		{0702C826-9FFF-4D84-8E89-171C1E2B1DDE}.Debug|Any CPU.ActiveCfg = Debug|Any CPU
		{0702C826-9FFF-4D84-8E89-171C1E2B1DDE}.Debug|Any CPU.Build.0 = Debug|Any CPU
		{0702C826-9FFF-4D84-8E89-171C1E2B1DDE}.Release|Any CPU.ActiveCfg = Release|Any CPU
		{0702C826-9FFF-4D84-8E89-171C1E2B1DDE}.Release|Any CPU.Build.0 = Release|Any CPU
		{674B39B2-6AC4-4502-A4B0-CF63AD3959B5}.Debug|Any CPU.ActiveCfg = Debug|Any CPU
		{674B39B2-6AC4-4502-A4B0-CF63AD3959B5}.Debug|Any CPU.Build.0 = Debug|Any CPU
		{674B39B2-6AC4-4502-A4B0-CF63AD3959B5}.Release|Any CPU.ActiveCfg = Release|Any CPU
		{674B39B2-6AC4-4502-A4B0-CF63AD3959B5}.Release|Any CPU.Build.0 = Release|Any CPU
		{B552AB1D-E1DD-4BFA-8FB9-2DC7E869264B}.Debug|Any CPU.ActiveCfg = Debug|Any CPU
		{B552AB1D-E1DD-4BFA-8FB9-2DC7E869264B}.Debug|Any CPU.Build.0 = Debug|Any CPU
		{B552AB1D-E1DD-4BFA-8FB9-2DC7E869264B}.Release|Any CPU.ActiveCfg = Release|Any CPU
		{B552AB1D-E1DD-4BFA-8FB9-2DC7E869264B}.Release|Any CPU.Build.0 = Release|Any CPU
		{2F6F650C-2EB7-47CD-87A6-FEA1F1C1CE31}.Debug|Any CPU.ActiveCfg = Debug|Any CPU
		{2F6F650C-2EB7-47CD-87A6-FEA1F1C1CE31}.Debug|Any CPU.Build.0 = Debug|Any CPU
		{2F6F650C-2EB7-47CD-87A6-FEA1F1C1CE31}.Release|Any CPU.ActiveCfg = Release|Any CPU
		{2F6F650C-2EB7-47CD-87A6-FEA1F1C1CE31}.Release|Any CPU.Build.0 = Release|Any CPU
	EndGlobalSection
	GlobalSection(SolutionProperties) = preSolution
		HideSolutionNode = FALSE
	EndGlobalSection
	GlobalSection(ExtensibilityGlobals) = postSolution
		SolutionGuid = {484C0935-D2E8-42FB-BC35-D7C945BE4051}
	EndGlobalSection
EndGlobal
